
Microsoft Visual Studio Solution File, Format Version 12.00
# Visual Studio Version 17
VisualStudioVersion = 17.5.2.0
MinimumVisualStudioVersion = 10.0.40219.1
Project("{FAE04EC0-301F-11D3-BF4B-00C04F79EFBC}") = "TestProject", "TestProject\TestProject.csproj", "{C393C39E-434B-21C1-6C56-7AC4E694B8B1}"
EndProject
Project("{2150E333-8FDC-42A3-9474-1A3956D46DE8}") = "ChallengeProject", "ChallengeProject", "{C78F5811-CC8A-4747-09E0-3E7E6319C51B}"
EndProject
Project("{FAE04EC0-301F-11D3-BF4B-00C04F79EFBC}") = "Starter", "ChallengeProject\Starter\Starter.csproj", "{8E714725-B8BF-44D5-BD5B-E8D15CD6D948}"
EndProject
Project("{FAE04EC0-301F-11D3-BF4B-00C04F79EFBC}") = "Final", "ChallengeProject\Final\Final.csproj", "{6E070713-5569-4EB5-B6A7-E84DE877AE5D}"
EndProject
Project("{FAE04EC0-301F-11D3-BF4B-00C04F79EFBC}") = "TestProject2", "TestProject2\TestProject2.csproj", "{C89336A4-9C03-487E-AF4B-2FEFD3657774}"
EndProject
Project("{FAE04EC0-301F-11D3-BF4B-00C04F79EFBC}") = "TestProject3", "TestProject3\TestProject3.csproj", "{693CB1E7-2AB4-4608-AA26-D977CF063FCB}"
EndProject
Project("{FAE04EC0-301F-11D3-BF4B-00C04F79EFBC}") = "TesteScope", "TesteScope\TesteScope.csproj", "{A0F68F9B-120B-49FB-AB06-0EA70C470AA3}"
EndProject
Project("{FAE04EC0-301F-11D3-BF4B-00C04F79EFBC}") = "SwitchCase", "SwitchCase\SwitchCase.csproj", "{1B245130-01BA-4C8B-93F8-4ABAEDE1584D}"
EndProject
Project("{FAE04EC0-301F-11D3-BF4B-00C04F79EFBC}") = "DoWhile", "DoWhile\DoWhile.csproj", "{9D6C1AFF-F188-4B5C-98DF-74400A508409}"
EndProject
Project("{FAE04EC0-301F-11D3-BF4B-00C04F79EFBC}") = "BatalhaRPG", "BatalhaRPG\BatalhaRPG.csproj", "{014903B3-7658-42F9-ACAA-18BC73BDB8C0}"
EndProject
Project("{2150E333-8FDC-42A3-9474-1A3956D46DE8}") = "GuidedProject1", "GuidedProject1", "{FBCAD4B4-7831-5BEA-137A-3E737CBA32D3}"
EndProject
Project("{2150E333-8FDC-42A3-9474-1A3956D46DE8}") = "GuidedProject2", "GuidedProject2", "{97BC481F-1D1D-6FC5-7879-90CD47BFC38B}"
EndProject
Project("{FAE04EC0-301F-11D3-BF4B-00C04F79EFBC}") = "Starter2", "GuidedProject2\Starter\Starter2.csproj", "{AF28612F-8A3A-4921-B045-60339976A911}"
EndProject
Project("{FAE04EC0-301F-11D3-BF4B-00C04F79EFBC}") = "Final2", "GuidedProject2\Final\Final2.csproj", "{704FAFB7-4A45-4D6C-AE5F-0C680FE67FBD}"
EndProject
Project("{FAE04EC0-301F-11D3-BF4B-00C04F79EFBC}") = "Starter1", "GuidedProject1\Starter\Starter1.csproj", "{AD13016E-092D-46BE-9EA7-CB614CF00C95}"
EndProject
Project("{FAE04EC0-301F-11D3-BF4B-00C04F79EFBC}") = "Final1", "GuidedProject1\Final\Final1.csproj", "{5B17AAD5-07AB-4A0B-9B39-C1332E658344}"
EndProject
Project("{2150E333-8FDC-42A3-9474-1A3956D46DE8}") = "ChallengeProject3", "ChallengeProject3", "{E9B32481-9513-B70B-5DF4-96E8CBCD98D1}"
EndProject
Project("{FAE04EC0-301F-11D3-BF4B-00C04F79EFBC}") = "Starter3", "ChallengeProject3\Starter\Starter3.csproj", "{4682C33D-924A-4976-9737-8DD3F40250F1}"
EndProject
Project("{FAE04EC0-301F-11D3-BF4B-00C04F79EFBC}") = "Final3", "ChallengeProject3\Final\Final3.csproj", "{653549B3-3D97-43D6-9222-FFEC4C84A928}"
EndProject
Project("{FAE04EC0-301F-11D3-BF4B-00C04F79EFBC}") = "ConsoleApp1", "ConsoleApp1\ConsoleApp1.csproj", "{8C3EC92F-5FF7-4A27-8659-18E7FED992AF}"
EndProject
Project("{FAE04EC0-301F-11D3-BF4B-00C04F79EFBC}") = "ConsoleApp2", "ConsoleApp2\ConsoleApp2.csproj", "{3B7287EC-D83A-462A-AA97-EAD963E1F4D4}"
EndProject
Project("{FAE04EC0-301F-11D3-BF4B-00C04F79EFBC}") = "ArrayMethods", "ArrayMethods\ArrayMethods.csproj", "{02249CE9-7494-44A4-AB31-21B3B169CA1F}"
EndProject
Project("{FAE04EC0-301F-11D3-BF4B-00C04F79EFBC}") = "FormatAphanumericData", "FormatAphanumericData\FormatAphanumericData.csproj", "{0FF0B4EB-B019-42C6-B51C-9ADA6AE87394}"
EndProject
Project("{FAE04EC0-301F-11D3-BF4B-00C04F79EFBC}") = "challenge5", "challenge5\challenge5.csproj", "{79270679-5DC5-4F3A-86A8-733163241071}"
EndProject
Project("{FAE04EC0-301F-11D3-BF4B-00C04F79EFBC}") = "FormatingWithMethods", "FormatingWithMethods\FormatingWithMethods.csproj", "{DD162F7B-694E-4371-8FEB-114D9A1A9449}"
EndProject
Project("{2150E333-8FDC-42A3-9474-1A3956D46DE8}") = "GuidedProject4", "GuidedProject4", "{73366F22-7C16-5DE1-39BB-34B1CF310E3E}"
EndProject
Project("{FAE04EC0-301F-11D3-BF4B-00C04F79EFBC}") = "Final4", "GuidedProject4\Final\Final4.csproj", "{C0EFB0F5-A5C7-4DC9-8DE0-28E43A358EE1}"
EndProject
Project("{FAE04EC0-301F-11D3-BF4B-00C04F79EFBC}") = "Starter4", "GuidedProject4\Starter\Starter4.csproj", "{B784E1E1-64E1-4027-9D7D-F138092D4002}"
EndProject
Project("{FAE04EC0-301F-11D3-BF4B-00C04F79EFBC}") = "MethodStudy", "MethodStudy\MethodStudy.csproj", "{AA60C288-6C6A-4FA5-A4A2-6ADF409AB559}"
EndProject
Project("{2150E333-8FDC-42A3-9474-1A3956D46DE8}") = "ChallengeProject4", "ChallengeProject4", "{7D2D32FE-8F7A-CB2F-75DB-CCE162352FC8}"
EndProject
Project("{FAE04EC0-301F-11D3-BF4B-00C04F79EFBC}") = "StarterChallenge4", "Challenge-Project-variable-data-in-CSharp-main\Starter\StarterChallenge4.csproj", "{FCF3B8D2-2107-4DA1-9688-A4C6AF2D3DD8}"
EndProject
Project("{FAE04EC0-301F-11D3-BF4B-00C04F79EFBC}") = "FinalChallenge4", "Challenge-Project-variable-data-in-CSharp-main\Final\FinalChallenge4.csproj", "{E3736B51-DA96-4E6B-8085-B3C1DF649903}"
EndProject
Project("{FAE04EC0-301F-11D3-BF4B-00C04F79EFBC}") = "StudyMethodsParameters", "StudyMethodsParameters\StudyMethodsParameters.csproj", "{2758C3E8-C143-4DF3-AF84-28A305E95443}"
EndProject
Project("{FAE04EC0-301F-11D3-BF4B-00C04F79EFBC}") = "MethodStudyChallenge", "MethodStudyChallenge\MethodStudyChallenge.csproj", "{CC1A20A0-CAE6-484A-8100-BDB71F6E0E62}"
EndProject
Global
	GlobalSection(SolutionConfigurationPlatforms) = preSolution
		Debug|Any CPU = Debug|Any CPU
		Debug|x64 = Debug|x64
		Debug|x86 = Debug|x86
		Release|Any CPU = Release|Any CPU
		Release|x64 = Release|x64
		Release|x86 = Release|x86
	EndGlobalSection
	GlobalSection(ProjectConfigurationPlatforms) = postSolution
		{C393C39E-434B-21C1-6C56-7AC4E694B8B1}.Debug|Any CPU.ActiveCfg = Debug|Any CPU
		{C393C39E-434B-21C1-6C56-7AC4E694B8B1}.Debug|Any CPU.Build.0 = Debug|Any CPU
		{C393C39E-434B-21C1-6C56-7AC4E694B8B1}.Debug|x64.ActiveCfg = Debug|Any CPU
		{C393C39E-434B-21C1-6C56-7AC4E694B8B1}.Debug|x64.Build.0 = Debug|Any CPU
		{C393C39E-434B-21C1-6C56-7AC4E694B8B1}.Debug|x86.ActiveCfg = Debug|Any CPU
		{C393C39E-434B-21C1-6C56-7AC4E694B8B1}.Debug|x86.Build.0 = Debug|Any CPU
		{C393C39E-434B-21C1-6C56-7AC4E694B8B1}.Release|Any CPU.ActiveCfg = Release|Any CPU
		{C393C39E-434B-21C1-6C56-7AC4E694B8B1}.Release|Any CPU.Build.0 = Release|Any CPU
		{C393C39E-434B-21C1-6C56-7AC4E694B8B1}.Release|x64.ActiveCfg = Release|Any CPU
		{C393C39E-434B-21C1-6C56-7AC4E694B8B1}.Release|x64.Build.0 = Release|Any CPU
		{C393C39E-434B-21C1-6C56-7AC4E694B8B1}.Release|x86.ActiveCfg = Release|Any CPU
		{C393C39E-434B-21C1-6C56-7AC4E694B8B1}.Release|x86.Build.0 = Release|Any CPU
		{8E714725-B8BF-44D5-BD5B-E8D15CD6D948}.Debug|Any CPU.ActiveCfg = Debug|Any CPU
		{8E714725-B8BF-44D5-BD5B-E8D15CD6D948}.Debug|Any CPU.Build.0 = Debug|Any CPU
		{8E714725-B8BF-44D5-BD5B-E8D15CD6D948}.Debug|x64.ActiveCfg = Debug|Any CPU
		{8E714725-B8BF-44D5-BD5B-E8D15CD6D948}.Debug|x64.Build.0 = Debug|Any CPU
		{8E714725-B8BF-44D5-BD5B-E8D15CD6D948}.Debug|x86.ActiveCfg = Debug|Any CPU
		{8E714725-B8BF-44D5-BD5B-E8D15CD6D948}.Debug|x86.Build.0 = Debug|Any CPU
		{8E714725-B8BF-44D5-BD5B-E8D15CD6D948}.Release|Any CPU.ActiveCfg = Release|Any CPU
		{8E714725-B8BF-44D5-BD5B-E8D15CD6D948}.Release|Any CPU.Build.0 = Release|Any CPU
		{8E714725-B8BF-44D5-BD5B-E8D15CD6D948}.Release|x64.ActiveCfg = Release|Any CPU
		{8E714725-B8BF-44D5-BD5B-E8D15CD6D948}.Release|x64.Build.0 = Release|Any CPU
		{8E714725-B8BF-44D5-BD5B-E8D15CD6D948}.Release|x86.ActiveCfg = Release|Any CPU
		{8E714725-B8BF-44D5-BD5B-E8D15CD6D948}.Release|x86.Build.0 = Release|Any CPU
		{6E070713-5569-4EB5-B6A7-E84DE877AE5D}.Debug|Any CPU.ActiveCfg = Debug|Any CPU
		{6E070713-5569-4EB5-B6A7-E84DE877AE5D}.Debug|Any CPU.Build.0 = Debug|Any CPU
		{6E070713-5569-4EB5-B6A7-E84DE877AE5D}.Debug|x64.ActiveCfg = Debug|Any CPU
		{6E070713-5569-4EB5-B6A7-E84DE877AE5D}.Debug|x64.Build.0 = Debug|Any CPU
		{6E070713-5569-4EB5-B6A7-E84DE877AE5D}.Debug|x86.ActiveCfg = Debug|Any CPU
		{6E070713-5569-4EB5-B6A7-E84DE877AE5D}.Debug|x86.Build.0 = Debug|Any CPU
		{6E070713-5569-4EB5-B6A7-E84DE877AE5D}.Release|Any CPU.ActiveCfg = Release|Any CPU
		{6E070713-5569-4EB5-B6A7-E84DE877AE5D}.Release|Any CPU.Build.0 = Release|Any CPU
		{6E070713-5569-4EB5-B6A7-E84DE877AE5D}.Release|x64.ActiveCfg = Release|Any CPU
		{6E070713-5569-4EB5-B6A7-E84DE877AE5D}.Release|x64.Build.0 = Release|Any CPU
		{6E070713-5569-4EB5-B6A7-E84DE877AE5D}.Release|x86.ActiveCfg = Release|Any CPU
		{6E070713-5569-4EB5-B6A7-E84DE877AE5D}.Release|x86.Build.0 = Release|Any CPU
		{C89336A4-9C03-487E-AF4B-2FEFD3657774}.Debug|Any CPU.ActiveCfg = Debug|Any CPU
		{C89336A4-9C03-487E-AF4B-2FEFD3657774}.Debug|Any CPU.Build.0 = Debug|Any CPU
		{C89336A4-9C03-487E-AF4B-2FEFD3657774}.Debug|x64.ActiveCfg = Debug|Any CPU
		{C89336A4-9C03-487E-AF4B-2FEFD3657774}.Debug|x64.Build.0 = Debug|Any CPU
		{C89336A4-9C03-487E-AF4B-2FEFD3657774}.Debug|x86.ActiveCfg = Debug|Any CPU
		{C89336A4-9C03-487E-AF4B-2FEFD3657774}.Debug|x86.Build.0 = Debug|Any CPU
		{C89336A4-9C03-487E-AF4B-2FEFD3657774}.Release|Any CPU.ActiveCfg = Release|Any CPU
		{C89336A4-9C03-487E-AF4B-2FEFD3657774}.Release|Any CPU.Build.0 = Release|Any CPU
		{C89336A4-9C03-487E-AF4B-2FEFD3657774}.Release|x64.ActiveCfg = Release|Any CPU
		{C89336A4-9C03-487E-AF4B-2FEFD3657774}.Release|x64.Build.0 = Release|Any CPU
		{C89336A4-9C03-487E-AF4B-2FEFD3657774}.Release|x86.ActiveCfg = Release|Any CPU
		{C89336A4-9C03-487E-AF4B-2FEFD3657774}.Release|x86.Build.0 = Release|Any CPU
		{693CB1E7-2AB4-4608-AA26-D977CF063FCB}.Debug|Any CPU.ActiveCfg = Debug|Any CPU
		{693CB1E7-2AB4-4608-AA26-D977CF063FCB}.Debug|Any CPU.Build.0 = Debug|Any CPU
		{693CB1E7-2AB4-4608-AA26-D977CF063FCB}.Debug|x64.ActiveCfg = Debug|Any CPU
		{693CB1E7-2AB4-4608-AA26-D977CF063FCB}.Debug|x64.Build.0 = Debug|Any CPU
		{693CB1E7-2AB4-4608-AA26-D977CF063FCB}.Debug|x86.ActiveCfg = Debug|Any CPU
		{693CB1E7-2AB4-4608-AA26-D977CF063FCB}.Debug|x86.Build.0 = Debug|Any CPU
		{693CB1E7-2AB4-4608-AA26-D977CF063FCB}.Release|Any CPU.ActiveCfg = Release|Any CPU
		{693CB1E7-2AB4-4608-AA26-D977CF063FCB}.Release|Any CPU.Build.0 = Release|Any CPU
		{693CB1E7-2AB4-4608-AA26-D977CF063FCB}.Release|x64.ActiveCfg = Release|Any CPU
		{693CB1E7-2AB4-4608-AA26-D977CF063FCB}.Release|x64.Build.0 = Release|Any CPU
		{693CB1E7-2AB4-4608-AA26-D977CF063FCB}.Release|x86.ActiveCfg = Release|Any CPU
		{693CB1E7-2AB4-4608-AA26-D977CF063FCB}.Release|x86.Build.0 = Release|Any CPU
		{A0F68F9B-120B-49FB-AB06-0EA70C470AA3}.Debug|Any CPU.ActiveCfg = Debug|Any CPU
		{A0F68F9B-120B-49FB-AB06-0EA70C470AA3}.Debug|Any CPU.Build.0 = Debug|Any CPU
		{A0F68F9B-120B-49FB-AB06-0EA70C470AA3}.Debug|x64.ActiveCfg = Debug|Any CPU
		{A0F68F9B-120B-49FB-AB06-0EA70C470AA3}.Debug|x64.Build.0 = Debug|Any CPU
		{A0F68F9B-120B-49FB-AB06-0EA70C470AA3}.Debug|x86.ActiveCfg = Debug|Any CPU
		{A0F68F9B-120B-49FB-AB06-0EA70C470AA3}.Debug|x86.Build.0 = Debug|Any CPU
		{A0F68F9B-120B-49FB-AB06-0EA70C470AA3}.Release|Any CPU.ActiveCfg = Release|Any CPU
		{A0F68F9B-120B-49FB-AB06-0EA70C470AA3}.Release|Any CPU.Build.0 = Release|Any CPU
		{A0F68F9B-120B-49FB-AB06-0EA70C470AA3}.Release|x64.ActiveCfg = Release|Any CPU
		{A0F68F9B-120B-49FB-AB06-0EA70C470AA3}.Release|x64.Build.0 = Release|Any CPU
		{A0F68F9B-120B-49FB-AB06-0EA70C470AA3}.Release|x86.ActiveCfg = Release|Any CPU
		{A0F68F9B-120B-49FB-AB06-0EA70C470AA3}.Release|x86.Build.0 = Release|Any CPU
		{1B245130-01BA-4C8B-93F8-4ABAEDE1584D}.Debug|Any CPU.ActiveCfg = Debug|Any CPU
		{1B245130-01BA-4C8B-93F8-4ABAEDE1584D}.Debug|Any CPU.Build.0 = Debug|Any CPU
		{1B245130-01BA-4C8B-93F8-4ABAEDE1584D}.Debug|x64.ActiveCfg = Debug|Any CPU
		{1B245130-01BA-4C8B-93F8-4ABAEDE1584D}.Debug|x64.Build.0 = Debug|Any CPU
		{1B245130-01BA-4C8B-93F8-4ABAEDE1584D}.Debug|x86.ActiveCfg = Debug|Any CPU
		{1B245130-01BA-4C8B-93F8-4ABAEDE1584D}.Debug|x86.Build.0 = Debug|Any CPU
		{1B245130-01BA-4C8B-93F8-4ABAEDE1584D}.Release|Any CPU.ActiveCfg = Release|Any CPU
		{1B245130-01BA-4C8B-93F8-4ABAEDE1584D}.Release|Any CPU.Build.0 = Release|Any CPU
		{1B245130-01BA-4C8B-93F8-4ABAEDE1584D}.Release|x64.ActiveCfg = Release|Any CPU
		{1B245130-01BA-4C8B-93F8-4ABAEDE1584D}.Release|x64.Build.0 = Release|Any CPU
		{1B245130-01BA-4C8B-93F8-4ABAEDE1584D}.Release|x86.ActiveCfg = Release|Any CPU
		{1B245130-01BA-4C8B-93F8-4ABAEDE1584D}.Release|x86.Build.0 = Release|Any CPU
		{9D6C1AFF-F188-4B5C-98DF-74400A508409}.Debug|Any CPU.ActiveCfg = Debug|Any CPU
		{9D6C1AFF-F188-4B5C-98DF-74400A508409}.Debug|Any CPU.Build.0 = Debug|Any CPU
		{9D6C1AFF-F188-4B5C-98DF-74400A508409}.Debug|x64.ActiveCfg = Debug|Any CPU
		{9D6C1AFF-F188-4B5C-98DF-74400A508409}.Debug|x64.Build.0 = Debug|Any CPU
		{9D6C1AFF-F188-4B5C-98DF-74400A508409}.Debug|x86.ActiveCfg = Debug|Any CPU
		{9D6C1AFF-F188-4B5C-98DF-74400A508409}.Debug|x86.Build.0 = Debug|Any CPU
		{9D6C1AFF-F188-4B5C-98DF-74400A508409}.Release|Any CPU.ActiveCfg = Release|Any CPU
		{9D6C1AFF-F188-4B5C-98DF-74400A508409}.Release|Any CPU.Build.0 = Release|Any CPU
		{9D6C1AFF-F188-4B5C-98DF-74400A508409}.Release|x64.ActiveCfg = Release|Any CPU
		{9D6C1AFF-F188-4B5C-98DF-74400A508409}.Release|x64.Build.0 = Release|Any CPU
		{9D6C1AFF-F188-4B5C-98DF-74400A508409}.Release|x86.ActiveCfg = Release|Any CPU
		{9D6C1AFF-F188-4B5C-98DF-74400A508409}.Release|x86.Build.0 = Release|Any CPU
		{014903B3-7658-42F9-ACAA-18BC73BDB8C0}.Debug|Any CPU.ActiveCfg = Debug|Any CPU
		{014903B3-7658-42F9-ACAA-18BC73BDB8C0}.Debug|Any CPU.Build.0 = Debug|Any CPU
		{014903B3-7658-42F9-ACAA-18BC73BDB8C0}.Debug|x64.ActiveCfg = Debug|Any CPU
		{014903B3-7658-42F9-ACAA-18BC73BDB8C0}.Debug|x64.Build.0 = Debug|Any CPU
		{014903B3-7658-42F9-ACAA-18BC73BDB8C0}.Debug|x86.ActiveCfg = Debug|Any CPU
		{014903B3-7658-42F9-ACAA-18BC73BDB8C0}.Debug|x86.Build.0 = Debug|Any CPU
		{014903B3-7658-42F9-ACAA-18BC73BDB8C0}.Release|Any CPU.ActiveCfg = Release|Any CPU
		{014903B3-7658-42F9-ACAA-18BC73BDB8C0}.Release|Any CPU.Build.0 = Release|Any CPU
		{014903B3-7658-42F9-ACAA-18BC73BDB8C0}.Release|x64.ActiveCfg = Release|Any CPU
		{014903B3-7658-42F9-ACAA-18BC73BDB8C0}.Release|x64.Build.0 = Release|Any CPU
		{014903B3-7658-42F9-ACAA-18BC73BDB8C0}.Release|x86.ActiveCfg = Release|Any CPU
		{014903B3-7658-42F9-ACAA-18BC73BDB8C0}.Release|x86.Build.0 = Release|Any CPU
		{AF28612F-8A3A-4921-B045-60339976A911}.Debug|Any CPU.ActiveCfg = Debug|Any CPU
		{AF28612F-8A3A-4921-B045-60339976A911}.Debug|Any CPU.Build.0 = Debug|Any CPU
		{AF28612F-8A3A-4921-B045-60339976A911}.Debug|x64.ActiveCfg = Debug|Any CPU
		{AF28612F-8A3A-4921-B045-60339976A911}.Debug|x64.Build.0 = Debug|Any CPU
		{AF28612F-8A3A-4921-B045-60339976A911}.Debug|x86.ActiveCfg = Debug|Any CPU
		{AF28612F-8A3A-4921-B045-60339976A911}.Debug|x86.Build.0 = Debug|Any CPU
		{AF28612F-8A3A-4921-B045-60339976A911}.Release|Any CPU.ActiveCfg = Release|Any CPU
		{AF28612F-8A3A-4921-B045-60339976A911}.Release|Any CPU.Build.0 = Release|Any CPU
		{AF28612F-8A3A-4921-B045-60339976A911}.Release|x64.ActiveCfg = Release|Any CPU
		{AF28612F-8A3A-4921-B045-60339976A911}.Release|x64.Build.0 = Release|Any CPU
		{AF28612F-8A3A-4921-B045-60339976A911}.Release|x86.ActiveCfg = Release|Any CPU
		{AF28612F-8A3A-4921-B045-60339976A911}.Release|x86.Build.0 = Release|Any CPU
		{704FAFB7-4A45-4D6C-AE5F-0C680FE67FBD}.Debug|Any CPU.ActiveCfg = Debug|Any CPU
		{704FAFB7-4A45-4D6C-AE5F-0C680FE67FBD}.Debug|Any CPU.Build.0 = Debug|Any CPU
		{704FAFB7-4A45-4D6C-AE5F-0C680FE67FBD}.Debug|x64.ActiveCfg = Debug|Any CPU
		{704FAFB7-4A45-4D6C-AE5F-0C680FE67FBD}.Debug|x64.Build.0 = Debug|Any CPU
		{704FAFB7-4A45-4D6C-AE5F-0C680FE67FBD}.Debug|x86.ActiveCfg = Debug|Any CPU
		{704FAFB7-4A45-4D6C-AE5F-0C680FE67FBD}.Debug|x86.Build.0 = Debug|Any CPU
		{704FAFB7-4A45-4D6C-AE5F-0C680FE67FBD}.Release|Any CPU.ActiveCfg = Release|Any CPU
		{704FAFB7-4A45-4D6C-AE5F-0C680FE67FBD}.Release|Any CPU.Build.0 = Release|Any CPU
		{704FAFB7-4A45-4D6C-AE5F-0C680FE67FBD}.Release|x64.ActiveCfg = Release|Any CPU
		{704FAFB7-4A45-4D6C-AE5F-0C680FE67FBD}.Release|x64.Build.0 = Release|Any CPU
		{704FAFB7-4A45-4D6C-AE5F-0C680FE67FBD}.Release|x86.ActiveCfg = Release|Any CPU
		{704FAFB7-4A45-4D6C-AE5F-0C680FE67FBD}.Release|x86.Build.0 = Release|Any CPU
		{AD13016E-092D-46BE-9EA7-CB614CF00C95}.Debug|Any CPU.ActiveCfg = Debug|Any CPU
		{AD13016E-092D-46BE-9EA7-CB614CF00C95}.Debug|Any CPU.Build.0 = Debug|Any CPU
		{AD13016E-092D-46BE-9EA7-CB614CF00C95}.Debug|x64.ActiveCfg = Debug|Any CPU
		{AD13016E-092D-46BE-9EA7-CB614CF00C95}.Debug|x64.Build.0 = Debug|Any CPU
		{AD13016E-092D-46BE-9EA7-CB614CF00C95}.Debug|x86.ActiveCfg = Debug|Any CPU
		{AD13016E-092D-46BE-9EA7-CB614CF00C95}.Debug|x86.Build.0 = Debug|Any CPU
		{AD13016E-092D-46BE-9EA7-CB614CF00C95}.Release|Any CPU.ActiveCfg = Release|Any CPU
		{AD13016E-092D-46BE-9EA7-CB614CF00C95}.Release|Any CPU.Build.0 = Release|Any CPU
		{AD13016E-092D-46BE-9EA7-CB614CF00C95}.Release|x64.ActiveCfg = Release|Any CPU
		{AD13016E-092D-46BE-9EA7-CB614CF00C95}.Release|x64.Build.0 = Release|Any CPU
		{AD13016E-092D-46BE-9EA7-CB614CF00C95}.Release|x86.ActiveCfg = Release|Any CPU
		{AD13016E-092D-46BE-9EA7-CB614CF00C95}.Release|x86.Build.0 = Release|Any CPU
		{5B17AAD5-07AB-4A0B-9B39-C1332E658344}.Debug|Any CPU.ActiveCfg = Debug|Any CPU
		{5B17AAD5-07AB-4A0B-9B39-C1332E658344}.Debug|Any CPU.Build.0 = Debug|Any CPU
		{5B17AAD5-07AB-4A0B-9B39-C1332E658344}.Debug|x64.ActiveCfg = Debug|Any CPU
		{5B17AAD5-07AB-4A0B-9B39-C1332E658344}.Debug|x64.Build.0 = Debug|Any CPU
		{5B17AAD5-07AB-4A0B-9B39-C1332E658344}.Debug|x86.ActiveCfg = Debug|Any CPU
		{5B17AAD5-07AB-4A0B-9B39-C1332E658344}.Debug|x86.Build.0 = Debug|Any CPU
		{5B17AAD5-07AB-4A0B-9B39-C1332E658344}.Release|Any CPU.ActiveCfg = Release|Any CPU
		{5B17AAD5-07AB-4A0B-9B39-C1332E658344}.Release|Any CPU.Build.0 = Release|Any CPU
		{5B17AAD5-07AB-4A0B-9B39-C1332E658344}.Release|x64.ActiveCfg = Release|Any CPU
		{5B17AAD5-07AB-4A0B-9B39-C1332E658344}.Release|x64.Build.0 = Release|Any CPU
		{5B17AAD5-07AB-4A0B-9B39-C1332E658344}.Release|x86.ActiveCfg = Release|Any CPU
		{5B17AAD5-07AB-4A0B-9B39-C1332E658344}.Release|x86.Build.0 = Release|Any CPU
		{4682C33D-924A-4976-9737-8DD3F40250F1}.Debug|Any CPU.ActiveCfg = Debug|Any CPU
		{4682C33D-924A-4976-9737-8DD3F40250F1}.Debug|Any CPU.Build.0 = Debug|Any CPU
		{4682C33D-924A-4976-9737-8DD3F40250F1}.Debug|x64.ActiveCfg = Debug|Any CPU
		{4682C33D-924A-4976-9737-8DD3F40250F1}.Debug|x64.Build.0 = Debug|Any CPU
		{4682C33D-924A-4976-9737-8DD3F40250F1}.Debug|x86.ActiveCfg = Debug|Any CPU
		{4682C33D-924A-4976-9737-8DD3F40250F1}.Debug|x86.Build.0 = Debug|Any CPU
		{4682C33D-924A-4976-9737-8DD3F40250F1}.Release|Any CPU.ActiveCfg = Release|Any CPU
		{4682C33D-924A-4976-9737-8DD3F40250F1}.Release|Any CPU.Build.0 = Release|Any CPU
		{4682C33D-924A-4976-9737-8DD3F40250F1}.Release|x64.ActiveCfg = Release|Any CPU
		{4682C33D-924A-4976-9737-8DD3F40250F1}.Release|x64.Build.0 = Release|Any CPU
		{4682C33D-924A-4976-9737-8DD3F40250F1}.Release|x86.ActiveCfg = Release|Any CPU
		{4682C33D-924A-4976-9737-8DD3F40250F1}.Release|x86.Build.0 = Release|Any CPU
		{653549B3-3D97-43D6-9222-FFEC4C84A928}.Debug|Any CPU.ActiveCfg = Debug|Any CPU
		{653549B3-3D97-43D6-9222-FFEC4C84A928}.Debug|Any CPU.Build.0 = Debug|Any CPU
		{653549B3-3D97-43D6-9222-FFEC4C84A928}.Debug|x64.ActiveCfg = Debug|Any CPU
		{653549B3-3D97-43D6-9222-FFEC4C84A928}.Debug|x64.Build.0 = Debug|Any CPU
		{653549B3-3D97-43D6-9222-FFEC4C84A928}.Debug|x86.ActiveCfg = Debug|Any CPU
		{653549B3-3D97-43D6-9222-FFEC4C84A928}.Debug|x86.Build.0 = Debug|Any CPU
		{653549B3-3D97-43D6-9222-FFEC4C84A928}.Release|Any CPU.ActiveCfg = Release|Any CPU
		{653549B3-3D97-43D6-9222-FFEC4C84A928}.Release|Any CPU.Build.0 = Release|Any CPU
		{653549B3-3D97-43D6-9222-FFEC4C84A928}.Release|x64.ActiveCfg = Release|Any CPU
		{653549B3-3D97-43D6-9222-FFEC4C84A928}.Release|x64.Build.0 = Release|Any CPU
		{653549B3-3D97-43D6-9222-FFEC4C84A928}.Release|x86.ActiveCfg = Release|Any CPU
		{653549B3-3D97-43D6-9222-FFEC4C84A928}.Release|x86.Build.0 = Release|Any CPU
		{8C3EC92F-5FF7-4A27-8659-18E7FED992AF}.Debug|Any CPU.ActiveCfg = Debug|Any CPU
		{8C3EC92F-5FF7-4A27-8659-18E7FED992AF}.Debug|Any CPU.Build.0 = Debug|Any CPU
		{8C3EC92F-5FF7-4A27-8659-18E7FED992AF}.Debug|x64.ActiveCfg = Debug|Any CPU
		{8C3EC92F-5FF7-4A27-8659-18E7FED992AF}.Debug|x64.Build.0 = Debug|Any CPU
		{8C3EC92F-5FF7-4A27-8659-18E7FED992AF}.Debug|x86.ActiveCfg = Debug|Any CPU
		{8C3EC92F-5FF7-4A27-8659-18E7FED992AF}.Debug|x86.Build.0 = Debug|Any CPU
		{8C3EC92F-5FF7-4A27-8659-18E7FED992AF}.Release|Any CPU.ActiveCfg = Release|Any CPU
		{8C3EC92F-5FF7-4A27-8659-18E7FED992AF}.Release|Any CPU.Build.0 = Release|Any CPU
		{8C3EC92F-5FF7-4A27-8659-18E7FED992AF}.Release|x64.ActiveCfg = Release|Any CPU
		{8C3EC92F-5FF7-4A27-8659-18E7FED992AF}.Release|x64.Build.0 = Release|Any CPU
		{8C3EC92F-5FF7-4A27-8659-18E7FED992AF}.Release|x86.ActiveCfg = Release|Any CPU
		{8C3EC92F-5FF7-4A27-8659-18E7FED992AF}.Release|x86.Build.0 = Release|Any CPU
		{3B7287EC-D83A-462A-AA97-EAD963E1F4D4}.Debug|Any CPU.ActiveCfg = Debug|Any CPU
		{3B7287EC-D83A-462A-AA97-EAD963E1F4D4}.Debug|Any CPU.Build.0 = Debug|Any CPU
		{3B7287EC-D83A-462A-AA97-EAD963E1F4D4}.Debug|x64.ActiveCfg = Debug|Any CPU
		{3B7287EC-D83A-462A-AA97-EAD963E1F4D4}.Debug|x64.Build.0 = Debug|Any CPU
		{3B7287EC-D83A-462A-AA97-EAD963E1F4D4}.Debug|x86.ActiveCfg = Debug|Any CPU
		{3B7287EC-D83A-462A-AA97-EAD963E1F4D4}.Debug|x86.Build.0 = Debug|Any CPU
		{3B7287EC-D83A-462A-AA97-EAD963E1F4D4}.Release|Any CPU.ActiveCfg = Release|Any CPU
		{3B7287EC-D83A-462A-AA97-EAD963E1F4D4}.Release|Any CPU.Build.0 = Release|Any CPU
		{3B7287EC-D83A-462A-AA97-EAD963E1F4D4}.Release|x64.ActiveCfg = Release|Any CPU
		{3B7287EC-D83A-462A-AA97-EAD963E1F4D4}.Release|x64.Build.0 = Release|Any CPU
		{3B7287EC-D83A-462A-AA97-EAD963E1F4D4}.Release|x86.ActiveCfg = Release|Any CPU
		{3B7287EC-D83A-462A-AA97-EAD963E1F4D4}.Release|x86.Build.0 = Release|Any CPU
		{02249CE9-7494-44A4-AB31-21B3B169CA1F}.Debug|Any CPU.ActiveCfg = Debug|Any CPU
		{02249CE9-7494-44A4-AB31-21B3B169CA1F}.Debug|Any CPU.Build.0 = Debug|Any CPU
		{02249CE9-7494-44A4-AB31-21B3B169CA1F}.Debug|x64.ActiveCfg = Debug|Any CPU
		{02249CE9-7494-44A4-AB31-21B3B169CA1F}.Debug|x64.Build.0 = Debug|Any CPU
		{02249CE9-7494-44A4-AB31-21B3B169CA1F}.Debug|x86.ActiveCfg = Debug|Any CPU
		{02249CE9-7494-44A4-AB31-21B3B169CA1F}.Debug|x86.Build.0 = Debug|Any CPU
		{02249CE9-7494-44A4-AB31-21B3B169CA1F}.Release|Any CPU.ActiveCfg = Release|Any CPU
		{02249CE9-7494-44A4-AB31-21B3B169CA1F}.Release|Any CPU.Build.0 = Release|Any CPU
		{02249CE9-7494-44A4-AB31-21B3B169CA1F}.Release|x64.ActiveCfg = Release|Any CPU
		{02249CE9-7494-44A4-AB31-21B3B169CA1F}.Release|x64.Build.0 = Release|Any CPU
		{02249CE9-7494-44A4-AB31-21B3B169CA1F}.Release|x86.ActiveCfg = Release|Any CPU
		{02249CE9-7494-44A4-AB31-21B3B169CA1F}.Release|x86.Build.0 = Release|Any CPU
		{0FF0B4EB-B019-42C6-B51C-9ADA6AE87394}.Debug|Any CPU.ActiveCfg = Debug|Any CPU
		{0FF0B4EB-B019-42C6-B51C-9ADA6AE87394}.Debug|Any CPU.Build.0 = Debug|Any CPU
		{0FF0B4EB-B019-42C6-B51C-9ADA6AE87394}.Debug|x64.ActiveCfg = Debug|Any CPU
		{0FF0B4EB-B019-42C6-B51C-9ADA6AE87394}.Debug|x64.Build.0 = Debug|Any CPU
		{0FF0B4EB-B019-42C6-B51C-9ADA6AE87394}.Debug|x86.ActiveCfg = Debug|Any CPU
		{0FF0B4EB-B019-42C6-B51C-9ADA6AE87394}.Debug|x86.Build.0 = Debug|Any CPU
		{0FF0B4EB-B019-42C6-B51C-9ADA6AE87394}.Release|Any CPU.ActiveCfg = Release|Any CPU
		{0FF0B4EB-B019-42C6-B51C-9ADA6AE87394}.Release|Any CPU.Build.0 = Release|Any CPU
		{0FF0B4EB-B019-42C6-B51C-9ADA6AE87394}.Release|x64.ActiveCfg = Release|Any CPU
		{0FF0B4EB-B019-42C6-B51C-9ADA6AE87394}.Release|x64.Build.0 = Release|Any CPU
		{0FF0B4EB-B019-42C6-B51C-9ADA6AE87394}.Release|x86.ActiveCfg = Release|Any CPU
		{0FF0B4EB-B019-42C6-B51C-9ADA6AE87394}.Release|x86.Build.0 = Release|Any CPU
		{79270679-5DC5-4F3A-86A8-733163241071}.Debug|Any CPU.ActiveCfg = Debug|Any CPU
		{79270679-5DC5-4F3A-86A8-733163241071}.Debug|Any CPU.Build.0 = Debug|Any CPU
		{79270679-5DC5-4F3A-86A8-733163241071}.Debug|x64.ActiveCfg = Debug|Any CPU
		{79270679-5DC5-4F3A-86A8-733163241071}.Debug|x64.Build.0 = Debug|Any CPU
		{79270679-5DC5-4F3A-86A8-733163241071}.Debug|x86.ActiveCfg = Debug|Any CPU
		{79270679-5DC5-4F3A-86A8-733163241071}.Debug|x86.Build.0 = Debug|Any CPU
		{79270679-5DC5-4F3A-86A8-733163241071}.Release|Any CPU.ActiveCfg = Release|Any CPU
		{79270679-5DC5-4F3A-86A8-733163241071}.Release|Any CPU.Build.0 = Release|Any CPU
		{79270679-5DC5-4F3A-86A8-733163241071}.Release|x64.ActiveCfg = Release|Any CPU
		{79270679-5DC5-4F3A-86A8-733163241071}.Release|x64.Build.0 = Release|Any CPU
		{79270679-5DC5-4F3A-86A8-733163241071}.Release|x86.ActiveCfg = Release|Any CPU
		{79270679-5DC5-4F3A-86A8-733163241071}.Release|x86.Build.0 = Release|Any CPU
		{DD162F7B-694E-4371-8FEB-114D9A1A9449}.Debug|Any CPU.ActiveCfg = Debug|Any CPU
		{DD162F7B-694E-4371-8FEB-114D9A1A9449}.Debug|Any CPU.Build.0 = Debug|Any CPU
		{DD162F7B-694E-4371-8FEB-114D9A1A9449}.Debug|x64.ActiveCfg = Debug|Any CPU
		{DD162F7B-694E-4371-8FEB-114D9A1A9449}.Debug|x64.Build.0 = Debug|Any CPU
		{DD162F7B-694E-4371-8FEB-114D9A1A9449}.Debug|x86.ActiveCfg = Debug|Any CPU
		{DD162F7B-694E-4371-8FEB-114D9A1A9449}.Debug|x86.Build.0 = Debug|Any CPU
		{DD162F7B-694E-4371-8FEB-114D9A1A9449}.Release|Any CPU.ActiveCfg = Release|Any CPU
		{DD162F7B-694E-4371-8FEB-114D9A1A9449}.Release|Any CPU.Build.0 = Release|Any CPU
		{DD162F7B-694E-4371-8FEB-114D9A1A9449}.Release|x64.ActiveCfg = Release|Any CPU
		{DD162F7B-694E-4371-8FEB-114D9A1A9449}.Release|x64.Build.0 = Release|Any CPU
		{DD162F7B-694E-4371-8FEB-114D9A1A9449}.Release|x86.ActiveCfg = Release|Any CPU
		{DD162F7B-694E-4371-8FEB-114D9A1A9449}.Release|x86.Build.0 = Release|Any CPU
		{C0EFB0F5-A5C7-4DC9-8DE0-28E43A358EE1}.Debug|Any CPU.ActiveCfg = Debug|Any CPU
		{C0EFB0F5-A5C7-4DC9-8DE0-28E43A358EE1}.Debug|Any CPU.Build.0 = Debug|Any CPU
		{C0EFB0F5-A5C7-4DC9-8DE0-28E43A358EE1}.Debug|x64.ActiveCfg = Debug|Any CPU
		{C0EFB0F5-A5C7-4DC9-8DE0-28E43A358EE1}.Debug|x64.Build.0 = Debug|Any CPU
		{C0EFB0F5-A5C7-4DC9-8DE0-28E43A358EE1}.Debug|x86.ActiveCfg = Debug|Any CPU
		{C0EFB0F5-A5C7-4DC9-8DE0-28E43A358EE1}.Debug|x86.Build.0 = Debug|Any CPU
		{C0EFB0F5-A5C7-4DC9-8DE0-28E43A358EE1}.Release|Any CPU.ActiveCfg = Release|Any CPU
		{C0EFB0F5-A5C7-4DC9-8DE0-28E43A358EE1}.Release|Any CPU.Build.0 = Release|Any CPU
		{C0EFB0F5-A5C7-4DC9-8DE0-28E43A358EE1}.Release|x64.ActiveCfg = Release|Any CPU
		{C0EFB0F5-A5C7-4DC9-8DE0-28E43A358EE1}.Release|x64.Build.0 = Release|Any CPU
		{C0EFB0F5-A5C7-4DC9-8DE0-28E43A358EE1}.Release|x86.ActiveCfg = Release|Any CPU
		{C0EFB0F5-A5C7-4DC9-8DE0-28E43A358EE1}.Release|x86.Build.0 = Release|Any CPU
		{B784E1E1-64E1-4027-9D7D-F138092D4002}.Debug|Any CPU.ActiveCfg = Debug|Any CPU
		{B784E1E1-64E1-4027-9D7D-F138092D4002}.Debug|Any CPU.Build.0 = Debug|Any CPU
		{B784E1E1-64E1-4027-9D7D-F138092D4002}.Debug|x64.ActiveCfg = Debug|Any CPU
		{B784E1E1-64E1-4027-9D7D-F138092D4002}.Debug|x64.Build.0 = Debug|Any CPU
		{B784E1E1-64E1-4027-9D7D-F138092D4002}.Debug|x86.ActiveCfg = Debug|Any CPU
		{B784E1E1-64E1-4027-9D7D-F138092D4002}.Debug|x86.Build.0 = Debug|Any CPU
		{B784E1E1-64E1-4027-9D7D-F138092D4002}.Release|Any CPU.ActiveCfg = Release|Any CPU
		{B784E1E1-64E1-4027-9D7D-F138092D4002}.Release|Any CPU.Build.0 = Release|Any CPU
		{B784E1E1-64E1-4027-9D7D-F138092D4002}.Release|x64.ActiveCfg = Release|Any CPU
		{B784E1E1-64E1-4027-9D7D-F138092D4002}.Release|x64.Build.0 = Release|Any CPU
		{B784E1E1-64E1-4027-9D7D-F138092D4002}.Release|x86.ActiveCfg = Release|Any CPU
		{B784E1E1-64E1-4027-9D7D-F138092D4002}.Release|x86.Build.0 = Release|Any CPU
		{AA60C288-6C6A-4FA5-A4A2-6ADF409AB559}.Debug|Any CPU.ActiveCfg = Debug|Any CPU
		{AA60C288-6C6A-4FA5-A4A2-6ADF409AB559}.Debug|Any CPU.Build.0 = Debug|Any CPU
		{AA60C288-6C6A-4FA5-A4A2-6ADF409AB559}.Debug|x64.ActiveCfg = Debug|Any CPU
		{AA60C288-6C6A-4FA5-A4A2-6ADF409AB559}.Debug|x64.Build.0 = Debug|Any CPU
		{AA60C288-6C6A-4FA5-A4A2-6ADF409AB559}.Debug|x86.ActiveCfg = Debug|Any CPU
		{AA60C288-6C6A-4FA5-A4A2-6ADF409AB559}.Debug|x86.Build.0 = Debug|Any CPU
		{AA60C288-6C6A-4FA5-A4A2-6ADF409AB559}.Release|Any CPU.ActiveCfg = Release|Any CPU
		{AA60C288-6C6A-4FA5-A4A2-6ADF409AB559}.Release|Any CPU.Build.0 = Release|Any CPU
		{AA60C288-6C6A-4FA5-A4A2-6ADF409AB559}.Release|x64.ActiveCfg = Release|Any CPU
		{AA60C288-6C6A-4FA5-A4A2-6ADF409AB559}.Release|x64.Build.0 = Release|Any CPU
		{AA60C288-6C6A-4FA5-A4A2-6ADF409AB559}.Release|x86.ActiveCfg = Release|Any CPU
		{AA60C288-6C6A-4FA5-A4A2-6ADF409AB559}.Release|x86.Build.0 = Release|Any CPU
		{FCF3B8D2-2107-4DA1-9688-A4C6AF2D3DD8}.Debug|Any CPU.ActiveCfg = Debug|Any CPU
		{FCF3B8D2-2107-4DA1-9688-A4C6AF2D3DD8}.Debug|Any CPU.Build.0 = Debug|Any CPU
		{FCF3B8D2-2107-4DA1-9688-A4C6AF2D3DD8}.Debug|x64.ActiveCfg = Debug|Any CPU
		{FCF3B8D2-2107-4DA1-9688-A4C6AF2D3DD8}.Debug|x64.Build.0 = Debug|Any CPU
		{FCF3B8D2-2107-4DA1-9688-A4C6AF2D3DD8}.Debug|x86.ActiveCfg = Debug|Any CPU
		{FCF3B8D2-2107-4DA1-9688-A4C6AF2D3DD8}.Debug|x86.Build.0 = Debug|Any CPU
		{FCF3B8D2-2107-4DA1-9688-A4C6AF2D3DD8}.Release|Any CPU.ActiveCfg = Release|Any CPU
		{FCF3B8D2-2107-4DA1-9688-A4C6AF2D3DD8}.Release|Any CPU.Build.0 = Release|Any CPU
		{FCF3B8D2-2107-4DA1-9688-A4C6AF2D3DD8}.Release|x64.ActiveCfg = Release|Any CPU
		{FCF3B8D2-2107-4DA1-9688-A4C6AF2D3DD8}.Release|x64.Build.0 = Release|Any CPU
		{FCF3B8D2-2107-4DA1-9688-A4C6AF2D3DD8}.Release|x86.ActiveCfg = Release|Any CPU
		{FCF3B8D2-2107-4DA1-9688-A4C6AF2D3DD8}.Release|x86.Build.0 = Release|Any CPU
		{E3736B51-DA96-4E6B-8085-B3C1DF649903}.Debug|Any CPU.ActiveCfg = Debug|Any CPU
		{E3736B51-DA96-4E6B-8085-B3C1DF649903}.Debug|Any CPU.Build.0 = Debug|Any CPU
		{E3736B51-DA96-4E6B-8085-B3C1DF649903}.Debug|x64.ActiveCfg = Debug|Any CPU
		{E3736B51-DA96-4E6B-8085-B3C1DF649903}.Debug|x64.Build.0 = Debug|Any CPU
		{E3736B51-DA96-4E6B-8085-B3C1DF649903}.Debug|x86.ActiveCfg = Debug|Any CPU
		{E3736B51-DA96-4E6B-8085-B3C1DF649903}.Debug|x86.Build.0 = Debug|Any CPU
		{E3736B51-DA96-4E6B-8085-B3C1DF649903}.Release|Any CPU.ActiveCfg = Release|Any CPU
		{E3736B51-DA96-4E6B-8085-B3C1DF649903}.Release|Any CPU.Build.0 = Release|Any CPU
		{E3736B51-DA96-4E6B-8085-B3C1DF649903}.Release|x64.ActiveCfg = Release|Any CPU
		{E3736B51-DA96-4E6B-8085-B3C1DF649903}.Release|x64.Build.0 = Release|Any CPU
		{E3736B51-DA96-4E6B-8085-B3C1DF649903}.Release|x86.ActiveCfg = Release|Any CPU
		{E3736B51-DA96-4E6B-8085-B3C1DF649903}.Release|x86.Build.0 = Release|Any CPU
		{2758C3E8-C143-4DF3-AF84-28A305E95443}.Debug|Any CPU.ActiveCfg = Debug|Any CPU
		{2758C3E8-C143-4DF3-AF84-28A305E95443}.Debug|Any CPU.Build.0 = Debug|Any CPU
		{2758C3E8-C143-4DF3-AF84-28A305E95443}.Debug|x64.ActiveCfg = Debug|Any CPU
		{2758C3E8-C143-4DF3-AF84-28A305E95443}.Debug|x64.Build.0 = Debug|Any CPU
		{2758C3E8-C143-4DF3-AF84-28A305E95443}.Debug|x86.ActiveCfg = Debug|Any CPU
		{2758C3E8-C143-4DF3-AF84-28A305E95443}.Debug|x86.Build.0 = Debug|Any CPU
		{2758C3E8-C143-4DF3-AF84-28A305E95443}.Release|Any CPU.ActiveCfg = Release|Any CPU
		{2758C3E8-C143-4DF3-AF84-28A305E95443}.Release|Any CPU.Build.0 = Release|Any CPU
		{2758C3E8-C143-4DF3-AF84-28A305E95443}.Release|x64.ActiveCfg = Release|Any CPU
		{2758C3E8-C143-4DF3-AF84-28A305E95443}.Release|x64.Build.0 = Release|Any CPU
		{2758C3E8-C143-4DF3-AF84-28A305E95443}.Release|x86.ActiveCfg = Release|Any CPU
		{2758C3E8-C143-4DF3-AF84-28A305E95443}.Release|x86.Build.0 = Release|Any CPU
		{CC1A20A0-CAE6-484A-8100-BDB71F6E0E62}.Debug|Any CPU.ActiveCfg = Debug|Any CPU
		{CC1A20A0-CAE6-484A-8100-BDB71F6E0E62}.Debug|Any CPU.Build.0 = Debug|Any CPU
		{CC1A20A0-CAE6-484A-8100-BDB71F6E0E62}.Debug|x64.ActiveCfg = Debug|Any CPU
		{CC1A20A0-CAE6-484A-8100-BDB71F6E0E62}.Debug|x64.Build.0 = Debug|Any CPU
		{CC1A20A0-CAE6-484A-8100-BDB71F6E0E62}.Debug|x86.ActiveCfg = Debug|Any CPU
		{CC1A20A0-CAE6-484A-8100-BDB71F6E0E62}.Debug|x86.Build.0 = Debug|Any CPU
		{CC1A20A0-CAE6-484A-8100-BDB71F6E0E62}.Release|Any CPU.ActiveCfg = Release|Any CPU
		{CC1A20A0-CAE6-484A-8100-BDB71F6E0E62}.Release|Any CPU.Build.0 = Release|Any CPU
		{CC1A20A0-CAE6-484A-8100-BDB71F6E0E62}.Release|x64.ActiveCfg = Release|Any CPU
		{CC1A20A0-CAE6-484A-8100-BDB71F6E0E62}.Release|x64.Build.0 = Release|Any CPU
		{CC1A20A0-CAE6-484A-8100-BDB71F6E0E62}.Release|x86.ActiveCfg = Release|Any CPU
		{CC1A20A0-CAE6-484A-8100-BDB71F6E0E62}.Release|x86.Build.0 = Release|Any CPU
	EndGlobalSection
	GlobalSection(SolutionProperties) = preSolution
		HideSolutionNode = FALSE
	EndGlobalSection
	GlobalSection(NestedProjects) = preSolution
		{8E714725-B8BF-44D5-BD5B-E8D15CD6D948} = {C78F5811-CC8A-4747-09E0-3E7E6319C51B}
		{6E070713-5569-4EB5-B6A7-E84DE877AE5D} = {C78F5811-CC8A-4747-09E0-3E7E6319C51B}
		{AF28612F-8A3A-4921-B045-60339976A911} = {97BC481F-1D1D-6FC5-7879-90CD47BFC38B}
		{704FAFB7-4A45-4D6C-AE5F-0C680FE67FBD} = {97BC481F-1D1D-6FC5-7879-90CD47BFC38B}
		{AD13016E-092D-46BE-9EA7-CB614CF00C95} = {FBCAD4B4-7831-5BEA-137A-3E737CBA32D3}
		{5B17AAD5-07AB-4A0B-9B39-C1332E658344} = {FBCAD4B4-7831-5BEA-137A-3E737CBA32D3}
		{4682C33D-924A-4976-9737-8DD3F40250F1} = {E9B32481-9513-B70B-5DF4-96E8CBCD98D1}
		{653549B3-3D97-43D6-9222-FFEC4C84A928} = {E9B32481-9513-B70B-5DF4-96E8CBCD98D1}
		{C0EFB0F5-A5C7-4DC9-8DE0-28E43A358EE1} = {73366F22-7C16-5DE1-39BB-34B1CF310E3E}
		{B784E1E1-64E1-4027-9D7D-F138092D4002} = {73366F22-7C16-5DE1-39BB-34B1CF310E3E}
		{FCF3B8D2-2107-4DA1-9688-A4C6AF2D3DD8} = {7D2D32FE-8F7A-CB2F-75DB-CCE162352FC8}
		{E3736B51-DA96-4E6B-8085-B3C1DF649903} = {7D2D32FE-8F7A-CB2F-75DB-CCE162352FC8}
	EndGlobalSection
	GlobalSection(ExtensibilityGlobals) = postSolution
		SolutionGuid = {0CA1E51F-B81F-4E31-8B61-34B2A0981B23}
	EndGlobalSection
EndGlobal
