
Microsoft Visual Studio Solution File, Format Version 12.00
# Visual Studio Version 17
VisualStudioVersion = 17.5.2.0
MinimumVisualStudioVersion = 10.0.40219.1
Project("{FAE04EC0-301F-11D3-BF4B-00C04F79EFBC}") = "TestProject", "TestProject\TestProject.csproj", "{C393C39E-434B-21C1-6C56-7AC4E694B8B1}"
EndProject
Project("{2150E333-8FDC-42A3-9474-1A3956D46DE8}") = "ChallengeProject", "ChallengeProject", "{C78F5811-CC8A-4747-09E0-3E7E6319C51B}"
EndProject
Project("{FAE04EC0-301F-11D3-BF4B-00C04F79EFBC}") = "Starter", "ChallengeProject\Starter\Starter.csproj", "{8E714725-B8BF-44D5-BD5B-E8D15CD6D948}"
EndProject
Project("{FAE04EC0-301F-11D3-BF4B-00C04F79EFBC}") = "Final", "ChallengeProject\Final\Final.csproj", "{6E070713-5569-4EB5-B6A7-E84DE877AE5D}"
EndProject
Project("{FAE04EC0-301F-11D3-BF4B-00C04F79EFBC}") = "TestProject2", "TestProject2\TestProject2.csproj", "{C89336A4-9C03-487E-AF4B-2FEFD3657774}"
EndProject
Project("{FAE04EC0-301F-11D3-BF4B-00C04F79EFBC}") = "TestProject3", "TestProject3\TestProject3.csproj", "{693CB1E7-2AB4-4608-AA26-D977CF063FCB}"
EndProject
Project("{FAE04EC0-301F-11D3-BF4B-00C04F79EFBC}") = "TesteScope", "TesteScope\TesteScope.csproj", "{A0F68F9B-120B-49FB-AB06-0EA70C470AA3}"
EndProject
Project("{FAE04EC0-301F-11D3-BF4B-00C04F79EFBC}") = "SwitchCase", "SwitchCase\SwitchCase.csproj", "{1B245130-01BA-4C8B-93F8-4ABAEDE1584D}"
EndProject
Project("{FAE04EC0-301F-11D3-BF4B-00C04F79EFBC}") = "DoWhile", "DoWhile\DoWhile.csproj", "{9D6C1AFF-F188-4B5C-98DF-74400A508409}"
EndProject
Global
	GlobalSection(SolutionConfigurationPlatforms) = preSolution
		Debug|Any CPU = Debug|Any CPU
		Debug|x64 = Debug|x64
		Debug|x86 = Debug|x86
		Release|Any CPU = Release|Any CPU
		Release|x64 = Release|x64
		Release|x86 = Release|x86
	EndGlobalSection
	GlobalSection(ProjectConfigurationPlatforms) = postSolution
		{C393C39E-434B-21C1-6C56-7AC4E694B8B1}.Debug|Any CPU.ActiveCfg = Debug|Any CPU
		{C393C39E-434B-21C1-6C56-7AC4E694B8B1}.Debug|Any CPU.Build.0 = Debug|Any CPU
		{C393C39E-434B-21C1-6C56-7AC4E694B8B1}.Debug|x64.ActiveCfg = Debug|Any CPU
		{C393C39E-434B-21C1-6C56-7AC4E694B8B1}.Debug|x64.Build.0 = Debug|Any CPU
		{C393C39E-434B-21C1-6C56-7AC4E694B8B1}.Debug|x86.ActiveCfg = Debug|Any CPU
		{C393C39E-434B-21C1-6C56-7AC4E694B8B1}.Debug|x86.Build.0 = Debug|Any CPU
		{C393C39E-434B-21C1-6C56-7AC4E694B8B1}.Release|Any CPU.ActiveCfg = Release|Any CPU
		{C393C39E-434B-21C1-6C56-7AC4E694B8B1}.Release|Any CPU.Build.0 = Release|Any CPU
		{C393C39E-434B-21C1-6C56-7AC4E694B8B1}.Release|x64.ActiveCfg = Release|Any CPU
		{C393C39E-434B-21C1-6C56-7AC4E694B8B1}.Release|x64.Build.0 = Release|Any CPU
		{C393C39E-434B-21C1-6C56-7AC4E694B8B1}.Release|x86.ActiveCfg = Release|Any CPU
		{C393C39E-434B-21C1-6C56-7AC4E694B8B1}.Release|x86.Build.0 = Release|Any CPU
		{8E714725-B8BF-44D5-BD5B-E8D15CD6D948}.Debug|Any CPU.ActiveCfg = Debug|Any CPU
		{8E714725-B8BF-44D5-BD5B-E8D15CD6D948}.Debug|Any CPU.Build.0 = Debug|Any CPU
		{8E714725-B8BF-44D5-BD5B-E8D15CD6D948}.Debug|x64.ActiveCfg = Debug|Any CPU
		{8E714725-B8BF-44D5-BD5B-E8D15CD6D948}.Debug|x64.Build.0 = Debug|Any CPU
		{8E714725-B8BF-44D5-BD5B-E8D15CD6D948}.Debug|x86.ActiveCfg = Debug|Any CPU
		{8E714725-B8BF-44D5-BD5B-E8D15CD6D948}.Debug|x86.Build.0 = Debug|Any CPU
		{8E714725-B8BF-44D5-BD5B-E8D15CD6D948}.Release|Any CPU.ActiveCfg = Release|Any CPU
		{8E714725-B8BF-44D5-BD5B-E8D15CD6D948}.Release|Any CPU.Build.0 = Release|Any CPU
		{8E714725-B8BF-44D5-BD5B-E8D15CD6D948}.Release|x64.ActiveCfg = Release|Any CPU
		{8E714725-B8BF-44D5-BD5B-E8D15CD6D948}.Release|x64.Build.0 = Release|Any CPU
		{8E714725-B8BF-44D5-BD5B-E8D15CD6D948}.Release|x86.ActiveCfg = Release|Any CPU
		{8E714725-B8BF-44D5-BD5B-E8D15CD6D948}.Release|x86.Build.0 = Release|Any CPU
		{6E070713-5569-4EB5-B6A7-E84DE877AE5D}.Debug|Any CPU.ActiveCfg = Debug|Any CPU
		{6E070713-5569-4EB5-B6A7-E84DE877AE5D}.Debug|Any CPU.Build.0 = Debug|Any CPU
		{6E070713-5569-4EB5-B6A7-E84DE877AE5D}.Debug|x64.ActiveCfg = Debug|Any CPU
		{6E070713-5569-4EB5-B6A7-E84DE877AE5D}.Debug|x64.Build.0 = Debug|Any CPU
		{6E070713-5569-4EB5-B6A7-E84DE877AE5D}.Debug|x86.ActiveCfg = Debug|Any CPU
		{6E070713-5569-4EB5-B6A7-E84DE877AE5D}.Debug|x86.Build.0 = Debug|Any CPU
		{6E070713-5569-4EB5-B6A7-E84DE877AE5D}.Release|Any CPU.ActiveCfg = Release|Any CPU
		{6E070713-5569-4EB5-B6A7-E84DE877AE5D}.Release|Any CPU.Build.0 = Release|Any CPU
		{6E070713-5569-4EB5-B6A7-E84DE877AE5D}.Release|x64.ActiveCfg = Release|Any CPU
		{6E070713-5569-4EB5-B6A7-E84DE877AE5D}.Release|x64.Build.0 = Release|Any CPU
		{6E070713-5569-4EB5-B6A7-E84DE877AE5D}.Release|x86.ActiveCfg = Release|Any CPU
		{6E070713-5569-4EB5-B6A7-E84DE877AE5D}.Release|x86.Build.0 = Release|Any CPU
		{C89336A4-9C03-487E-AF4B-2FEFD3657774}.Debug|Any CPU.ActiveCfg = Debug|Any CPU
		{C89336A4-9C03-487E-AF4B-2FEFD3657774}.Debug|Any CPU.Build.0 = Debug|Any CPU
		{C89336A4-9C03-487E-AF4B-2FEFD3657774}.Debug|x64.ActiveCfg = Debug|Any CPU
		{C89336A4-9C03-487E-AF4B-2FEFD3657774}.Debug|x64.Build.0 = Debug|Any CPU
		{C89336A4-9C03-487E-AF4B-2FEFD3657774}.Debug|x86.ActiveCfg = Debug|Any CPU
		{C89336A4-9C03-487E-AF4B-2FEFD3657774}.Debug|x86.Build.0 = Debug|Any CPU
		{C89336A4-9C03-487E-AF4B-2FEFD3657774}.Release|Any CPU.ActiveCfg = Release|Any CPU
		{C89336A4-9C03-487E-AF4B-2FEFD3657774}.Release|Any CPU.Build.0 = Release|Any CPU
		{C89336A4-9C03-487E-AF4B-2FEFD3657774}.Release|x64.ActiveCfg = Release|Any CPU
		{C89336A4-9C03-487E-AF4B-2FEFD3657774}.Release|x64.Build.0 = Release|Any CPU
		{C89336A4-9C03-487E-AF4B-2FEFD3657774}.Release|x86.ActiveCfg = Release|Any CPU
		{C89336A4-9C03-487E-AF4B-2FEFD3657774}.Release|x86.Build.0 = Release|Any CPU
		{693CB1E7-2AB4-4608-AA26-D977CF063FCB}.Debug|Any CPU.ActiveCfg = Debug|Any CPU
		{693CB1E7-2AB4-4608-AA26-D977CF063FCB}.Debug|Any CPU.Build.0 = Debug|Any CPU
		{693CB1E7-2AB4-4608-AA26-D977CF063FCB}.Debug|x64.ActiveCfg = Debug|Any CPU
		{693CB1E7-2AB4-4608-AA26-D977CF063FCB}.Debug|x64.Build.0 = Debug|Any CPU
		{693CB1E7-2AB4-4608-AA26-D977CF063FCB}.Debug|x86.ActiveCfg = Debug|Any CPU
		{693CB1E7-2AB4-4608-AA26-D977CF063FCB}.Debug|x86.Build.0 = Debug|Any CPU
		{693CB1E7-2AB4-4608-AA26-D977CF063FCB}.Release|Any CPU.ActiveCfg = Release|Any CPU
		{693CB1E7-2AB4-4608-AA26-D977CF063FCB}.Release|Any CPU.Build.0 = Release|Any CPU
		{693CB1E7-2AB4-4608-AA26-D977CF063FCB}.Release|x64.ActiveCfg = Release|Any CPU
		{693CB1E7-2AB4-4608-AA26-D977CF063FCB}.Release|x64.Build.0 = Release|Any CPU
		{693CB1E7-2AB4-4608-AA26-D977CF063FCB}.Release|x86.ActiveCfg = Release|Any CPU
		{693CB1E7-2AB4-4608-AA26-D977CF063FCB}.Release|x86.Build.0 = Release|Any CPU
		{A0F68F9B-120B-49FB-AB06-0EA70C470AA3}.Debug|Any CPU.ActiveCfg = Debug|Any CPU
		{A0F68F9B-120B-49FB-AB06-0EA70C470AA3}.Debug|Any CPU.Build.0 = Debug|Any CPU
		{A0F68F9B-120B-49FB-AB06-0EA70C470AA3}.Debug|x64.ActiveCfg = Debug|Any CPU
		{A0F68F9B-120B-49FB-AB06-0EA70C470AA3}.Debug|x64.Build.0 = Debug|Any CPU
		{A0F68F9B-120B-49FB-AB06-0EA70C470AA3}.Debug|x86.ActiveCfg = Debug|Any CPU
		{A0F68F9B-120B-49FB-AB06-0EA70C470AA3}.Debug|x86.Build.0 = Debug|Any CPU
		{A0F68F9B-120B-49FB-AB06-0EA70C470AA3}.Release|Any CPU.ActiveCfg = Release|Any CPU
		{A0F68F9B-120B-49FB-AB06-0EA70C470AA3}.Release|Any CPU.Build.0 = Release|Any CPU
		{A0F68F9B-120B-49FB-AB06-0EA70C470AA3}.Release|x64.ActiveCfg = Release|Any CPU
		{A0F68F9B-120B-49FB-AB06-0EA70C470AA3}.Release|x64.Build.0 = Release|Any CPU
		{A0F68F9B-120B-49FB-AB06-0EA70C470AA3}.Release|x86.ActiveCfg = Release|Any CPU
		{A0F68F9B-120B-49FB-AB06-0EA70C470AA3}.Release|x86.Build.0 = Release|Any CPU
		{1B245130-01BA-4C8B-93F8-4ABAEDE1584D}.Debug|Any CPU.ActiveCfg = Debug|Any CPU
		{1B245130-01BA-4C8B-93F8-4ABAEDE1584D}.Debug|Any CPU.Build.0 = Debug|Any CPU
		{1B245130-01BA-4C8B-93F8-4ABAEDE1584D}.Debug|x64.ActiveCfg = Debug|Any CPU
		{1B245130-01BA-4C8B-93F8-4ABAEDE1584D}.Debug|x64.Build.0 = Debug|Any CPU
		{1B245130-01BA-4C8B-93F8-4ABAEDE1584D}.Debug|x86.ActiveCfg = Debug|Any CPU
		{1B245130-01BA-4C8B-93F8-4ABAEDE1584D}.Debug|x86.Build.0 = Debug|Any CPU
		{1B245130-01BA-4C8B-93F8-4ABAEDE1584D}.Release|Any CPU.ActiveCfg = Release|Any CPU
		{1B245130-01BA-4C8B-93F8-4ABAEDE1584D}.Release|Any CPU.Build.0 = Release|Any CPU
		{1B245130-01BA-4C8B-93F8-4ABAEDE1584D}.Release|x64.ActiveCfg = Release|Any CPU
		{1B245130-01BA-4C8B-93F8-4ABAEDE1584D}.Release|x64.Build.0 = Release|Any CPU
		{1B245130-01BA-4C8B-93F8-4ABAEDE1584D}.Release|x86.ActiveCfg = Release|Any CPU
		{1B245130-01BA-4C8B-93F8-4ABAEDE1584D}.Release|x86.Build.0 = Release|Any CPU
		{9D6C1AFF-F188-4B5C-98DF-74400A508409}.Debug|Any CPU.ActiveCfg = Debug|Any CPU
		{9D6C1AFF-F188-4B5C-98DF-74400A508409}.Debug|Any CPU.Build.0 = Debug|Any CPU
		{9D6C1AFF-F188-4B5C-98DF-74400A508409}.Debug|x64.ActiveCfg = Debug|Any CPU
		{9D6C1AFF-F188-4B5C-98DF-74400A508409}.Debug|x64.Build.0 = Debug|Any CPU
		{9D6C1AFF-F188-4B5C-98DF-74400A508409}.Debug|x86.ActiveCfg = Debug|Any CPU
		{9D6C1AFF-F188-4B5C-98DF-74400A508409}.Debug|x86.Build.0 = Debug|Any CPU
		{9D6C1AFF-F188-4B5C-98DF-74400A508409}.Release|Any CPU.ActiveCfg = Release|Any CPU
		{9D6C1AFF-F188-4B5C-98DF-74400A508409}.Release|Any CPU.Build.0 = Release|Any CPU
		{9D6C1AFF-F188-4B5C-98DF-74400A508409}.Release|x64.ActiveCfg = Release|Any CPU
		{9D6C1AFF-F188-4B5C-98DF-74400A508409}.Release|x64.Build.0 = Release|Any CPU
		{9D6C1AFF-F188-4B5C-98DF-74400A508409}.Release|x86.ActiveCfg = Release|Any CPU
		{9D6C1AFF-F188-4B5C-98DF-74400A508409}.Release|x86.Build.0 = Release|Any CPU
	EndGlobalSection
	GlobalSection(SolutionProperties) = preSolution
		HideSolutionNode = FALSE
	EndGlobalSection
	GlobalSection(NestedProjects) = preSolution
		{8E714725-B8BF-44D5-BD5B-E8D15CD6D948} = {C78F5811-CC8A-4747-09E0-3E7E6319C51B}
		{6E070713-5569-4EB5-B6A7-E84DE877AE5D} = {C78F5811-CC8A-4747-09E0-3E7E6319C51B}
	EndGlobalSection
	GlobalSection(ExtensibilityGlobals) = postSolution
		SolutionGuid = {0CA1E51F-B81F-4E31-8B61-34B2A0981B23}
	EndGlobalSection
EndGlobal
